
Microsoft Visual Studio Solution File, Format Version 12.00
# Visual Studio Version 17
VisualStudioVersion = 17.4.33213.308
MinimumVisualStudioVersion = 10.0.40219.1
Project("{888888A0-9F3D-457C-B088-3A5042F75D52}") = "bot22", "bot22\bot22.pyproj", "{5A63CF18-040F-49BE-9A96-3B0D426913C0}"
EndProject
Global
	GlobalSection(SolutionConfigurationPlatforms) = preSolution
		Debug|Any CPU = Debug|Any CPU
		Release|Any CPU = Release|Any CPU
	EndGlobalSection
	GlobalSection(ProjectConfigurationPlatforms) = postSolution
		{5A63CF18-040F-49BE-9A96-3B0D426913C0}.Debug|Any CPU.ActiveCfg = Debug|Any CPU
		{5A63CF18-040F-49BE-9A96-3B0D426913C0}.Release|Any CPU.ActiveCfg = Release|Any CPU
	EndGlobalSection
	GlobalSection(SolutionProperties) = preSolution
		HideSolutionNode = FALSE
	EndGlobalSection
	GlobalSection(ExtensibilityGlobals) = postSolution
		SolutionGuid = {179586DA-E6FA-4D24-A32B-F11FD9C71DAE}
	EndGlobalSection
EndGlobal
